{
    "symfony/browser-kit": {
        "version": "v4.2.1"
    },
    "symfony/contracts": {
        "version": "v1.0.2"
    },
    "symfony/css-selector": {
        "version": "v4.2.1"
    },
    "symfony/dom-crawler": {
        "version": "v4.2.1"
    },
    "symfony/phpunit-bridge": {
        "version": "4.1",
        "recipe": {
            "repo": "github.com/symfony/recipes",
            "branch": "master",
            "version": "4.1",
            "ref": "0e548dd90adba18fabd4ef419b14d361fe4d6c74"
        }
    },
    "symfony/security-core": {
        "version": "v4.2.1"
    },
    "symfony/security-csrf": {
        "version": "v4.2.1"
    },
    "symfony/security-guard": {
        "version": "v4.2.1"
    },
    "symfony/security-http": {
        "version": "v4.2.1"
    },
    "symfony/translation": {
        "version": "3.3",
        "recipe": {
            "repo": "github.com/symfony/recipes",
            "branch": "master",
            "version": "3.3",
            "ref": "1fb02a6e1c8f3d4232cce485c9afa868d63b115a"
        }
    },
    "symfony/var-exporter": {
        "version": "v4.2.1"
    }
}
