{
    "myclabs/deep-copy": {
        "version": "1.8.1"
    },
    "phar-io/manifest": {
        "version": "1.0.3"
    },
    "phar-io/version": {
        "version": "2.0.1"
    },
    "phpdocumentor/reflection-common": {
        "version": "1.0.1"
    },
    "phpdocumentor/reflection-docblock": {
        "version": "4.3.0"
    },
    "phpdocumentor/type-resolver": {
        "version": "0.4.0"
    },
    "phpspec/prophecy": {
        "version": "1.8.0"
    },
    "phpunit/php-code-coverage": {
        "version": "6.1.4"
    },
    "phpunit/php-file-iterator": {
        "version": "2.0.2"
    },
    "phpunit/php-text-template": {
        "version": "1.2.1"
    },
    "phpunit/php-timer": {
        "version": "2.0.0"
    },
    "phpunit/php-token-stream": {
        "version": "3.0.1"
    },
    "phpunit/phpunit": {
        "version": "4.7",
        "recipe": {
            "repo": "github.com/symfony/recipes",
            "branch": "master",
            "version": "4.7",
            "ref": "89239f0cf2759efccc76b9944083bfcc4d180f9d"
        }
    },
    "sebastian/code-unit-reverse-lookup": {
        "version": "1.0.1"
    },
    "sebastian/comparator": {
        "version": "3.0.2"
    },
    "sebastian/diff": {
        "version": "3.0.1"
    },
    "sebastian/environment": {
        "version": "4.0.1"
    },
    "sebastian/exporter": {
        "version": "3.1.0"
    },
    "sebastian/global-state": {
        "version": "2.0.0"
    },
    "sebastian/object-enumerator": {
        "version": "3.0.3"
    },
    "sebastian/object-reflector": {
        "version": "1.1.1"
    },
    "sebastian/recursion-context": {
        "version": "3.0.0"
    },
    "sebastian/resource-operations": {
        "version": "2.0.1"
    },
    "sebastian/version": {
        "version": "2.0.1"
    },
    "symfony/browser-kit": {
        "version": "v4.2.1"
    },
    "symfony/contracts": {
        "version": "v1.0.2"
    },
    "symfony/css-selector": {
        "version": "v4.2.1"
    },
    "symfony/dom-crawler": {
        "version": "v4.2.1"
    },
    "symfony/phpunit-bridge": {
        "version": "4.1",
        "recipe": {
            "repo": "github.com/symfony/recipes",
            "branch": "master",
            "version": "4.1",
            "ref": "0e548dd90adba18fabd4ef419b14d361fe4d6c74"
        }
    },
    "symfony/security-core": {
        "version": "v4.2.1"
    },
    "symfony/security-csrf": {
        "version": "v4.2.1"
    },
    "symfony/security-guard": {
        "version": "v4.2.1"
    },
    "symfony/security-http": {
        "version": "v4.2.1"
    },
    "symfony/translation": {
        "version": "3.3",
        "recipe": {
            "repo": "github.com/symfony/recipes",
            "branch": "master",
            "version": "3.3",
            "ref": "1fb02a6e1c8f3d4232cce485c9afa868d63b115a"
        }
    },
    "symfony/var-exporter": {
        "version": "v4.2.1"
    },
    "theseer/tokenizer": {
        "version": "1.1.0"
    },
    "webmozart/assert": {
        "version": "1.4.0"
    }
}
